<?xml version="1.0" encoding="utf-8"?>
<Project ToolsVersion="4.0" xmlns="http://schemas.microsoft.com/developer/msbuild/2003">
  <ItemGroup>
    <Filter Include="Source Files">
      <UniqueIdentifier>{4FC737F1-C7A5-4376-A066-2A32D752A2FF}</UniqueIdentifier>
      <Extensions>cpp;c;cc;cxx;c++;cppm;ixx;def;odl;idl;hpj;bat;asm;asmx</Extensions>
    </Filter>
    <Filter Include="Header Files">
      <UniqueIdentifier>{93995380-89BD-4b04-88EB-625FBE52EBFB}</UniqueIdentifier>
      <Extensions>h;hh;hpp;hxx;h++;hm;inl;inc;ipp;xsd</Extensions>
    </Filter>
    <Filter Include="Resource Files">
      <UniqueIdentifier>{67DA6AB6-F800-4c08-8B7A-83BB121AAD01}</UniqueIdentifier>
      <Extensions>rc;ico;cur;bmp;dlg;rc2;rct;bin;rgs;gif;jpg;jpeg;jpe;resx;tiff;tif;png;wav;mfcribbon-ms</Extensions>
    </Filter>
    <Filter Include="VulkanBase">
      <UniqueIdentifier>{0efe5a85-309c-428f-bf0d-e517c8c5443b}</UniqueIdentifier>
    </Filter>
    <Filter Include="shaders">
      <UniqueIdentifier>{ac17c243-7982-44a9-8d00-cb0827510922}</UniqueIdentifier>
    </Filter>
  </ItemGroup>
  <ItemGroup>
    <ClInclude Include="framework.h">
      <Filter>Header Files</Filter>
    </ClInclude>
    <ClInclude Include="targetver.h">
      <Filter>Header Files</Filter>
    </ClInclude>
    <ClInclude Include="Resource.h">
      <Filter>Header Files</Filter>
    </ClInclude>
    <ClInclude Include="SimpleVulkan.h">
      <Filter>Header Files</Filter>
    </ClInclude>
    <ClInclude Include="VulkanRender.h">
      <Filter>Header Files</Filter>
    </ClInclude>
    <ClInclude Include="VulkanBase\VulkanSwapChain.h">
      <Filter>VulkanBase</Filter>
    </ClInclude>
    <ClInclude Include="VulkanBase\VulkanTools.h">
      <Filter>VulkanBase</Filter>
    </ClInclude>
    <ClInclude Include="VulkanBase\VulkanInitializers.hpp">
      <Filter>VulkanBase</Filter>
    </ClInclude>
    <ClInclude Include="VulkanBase\VulkanDebug.h">
      <Filter>VulkanBase</Filter>
    </ClInclude>
    <ClInclude Include="VulkanBase\VulkanDevice.h">
      <Filter>VulkanBase</Filter>
    </ClInclude>
    <ClInclude Include="VulkanBase\VulkanBuffer.h">
      <Filter>VulkanBase</Filter>
    </ClInclude>
  </ItemGroup>
  <ItemGroup>
    <ClCompile Include="SimpleVulkan.cpp">
      <Filter>Source Files</Filter>
    </ClCompile>
    <ClCompile Include="VulkanRender.cpp">
      <Filter>Source Files</Filter>
    </ClCompile>
    <ClCompile Include="VulkanBase\VulkanSwapChain.cpp">
      <Filter>VulkanBase</Filter>
    </ClCompile>
    <ClCompile Include="VulkanBase\VulkanTools.cpp">
      <Filter>VulkanBase</Filter>
    </ClCompile>
    <ClCompile Include="VulkanBase\VulkanDebug.cpp">
      <Filter>VulkanBase</Filter>
    </ClCompile>
    <ClCompile Include="VulkanBase\VulkanDevice.cpp">
      <Filter>VulkanBase</Filter>
    </ClCompile>
    <ClCompile Include="VulkanBase\VulkanBuffer.cpp">
      <Filter>VulkanBase</Filter>
    </ClCompile>
  </ItemGroup>
  <ItemGroup>
    <ResourceCompile Include="SimpleVulkan.rc">
      <Filter>Resource Files</Filter>
    </ResourceCompile>
  </ItemGroup>
  <ItemGroup>
    <Image Include="small.ico">
      <Filter>Resource Files</Filter>
    </Image>
    <Image Include="SimpleVulkan.ico">
      <Filter>Resource Files</Filter>
    </Image>
  </ItemGroup>
  <ItemGroup>
    <CustomBuild Include="triangle.slang">
      <Filter>shaders</Filter>
    </CustomBuild>
  </ItemGroup>
</Project>